
Microsoft Visual Studio Solution File, Format Version 12.00
# Visual Studio Version 17
VisualStudioVersion = 17.2.32616.157
MinimumVisualStudioVersion = 10.0.40219.1
Project("{FAE04EC0-301F-11D3-BF4B-00C04F79EFBC}") = "BianyingHttp", "BianyingHttp.csproj", "{906C8FF4-72A6-46D3-8CDE-7383302DE6F4}"
EndProject
Global
	GlobalSection(SolutionConfigurationPlatforms) = preSolution
		Debug|Any CPU = Debug|Any CPU
		Release|Any CPU = Release|Any CPU
	EndGlobalSection
	GlobalSection(ProjectConfigurationPlatforms) = postSolution
		{906C8FF4-72A6-46D3-8CDE-7383302DE6F4}.Debug|Any CPU.ActiveCfg = Debug|Any CPU
		{906C8FF4-72A6-46D3-8CDE-7383302DE6F4}.Debug|Any CPU.Build.0 = Debug|Any CPU
		{906C8FF4-72A6-46D3-8CDE-7383302DE6F4}.Release|Any CPU.ActiveCfg = Release|Any CPU
		{906C8FF4-72A6-46D3-8CDE-7383302DE6F4}.Release|Any CPU.Build.0 = Release|Any CPU
	EndGlobalSection
	GlobalSection(SolutionProperties) = preSolution
		HideSolutionNode = FALSE
	EndGlobalSection
	GlobalSection(ExtensibilityGlobals) = postSolution
		SolutionGuid = {051A7DF2-0500-4C14-853B-2D033A2B19C0}
	EndGlobalSection
EndGlobal
